
Microsoft Visual Studio Solution File, Format Version 12.00
# Visual Studio Version 17
VisualStudioVersion = 17.9.34728.123
MinimumVisualStudioVersion = 10.0.40219.1
Project("{9A19103F-16F7-4668-BE54-9A1E7A4F7556}") = "Budgeter.Core", "Budgeter.Core\Budgeter.Core.csproj", "{743FB3E6-1D92-4069-9054-E15AE2DEA66F}"
EndProject
Project("{2150E333-8FDC-42A3-9474-1A3956D46DE8}") = "Solution Items", "Solution Items", "{6C79FC42-8F4A-445F-8BA6-5FFCD550D3D5}"
	ProjectSection(SolutionItems) = preProject
		Settings\.editorconfig = Settings\.editorconfig
	EndProjectSection
EndProject
Project("{FAE04EC0-301F-11D3-BF4B-00C04F79EFBC}") = "Budgeter.Core.Test", "Budgeter.Core.Test\Budgeter.Core.Test.csproj", "{470619B4-DD1D-4873-86BD-9A1473726089}"
EndProject
Project("{FAE04EC0-301F-11D3-BF4B-00C04F79EFBC}") = "Budgeter.Data", "Budgeter.Data\Budgeter.Data.csproj", "{03217B0C-C9BF-41F3-A317-C1A33067BC1A}"
EndProject
Project("{FAE04EC0-301F-11D3-BF4B-00C04F79EFBC}") = "Budgeter.Api", "Budgeter.Api\Budgeter.Api.csproj", "{F46B8047-28ED-472B-95BC-338B527A21AD}"
EndProject
Project("{FAE04EC0-301F-11D3-BF4B-00C04F79EFBC}") = "Budgeter.Api.Test", "Budgeter.Api.Test\Budgeter.Api.Test.csproj", "{AE037D6A-6D57-400A-AA13-E16F481F032B}"
EndProject
Global
	GlobalSection(SolutionConfigurationPlatforms) = preSolution
		Debug|Any CPU = Debug|Any CPU
		Release|Any CPU = Release|Any CPU
	EndGlobalSection
	GlobalSection(ProjectConfigurationPlatforms) = postSolution
		{743FB3E6-1D92-4069-9054-E15AE2DEA66F}.Debug|Any CPU.ActiveCfg = Debug|Any CPU
		{743FB3E6-1D92-4069-9054-E15AE2DEA66F}.Debug|Any CPU.Build.0 = Debug|Any CPU
		{743FB3E6-1D92-4069-9054-E15AE2DEA66F}.Release|Any CPU.ActiveCfg = Release|Any CPU
		{743FB3E6-1D92-4069-9054-E15AE2DEA66F}.Release|Any CPU.Build.0 = Release|Any CPU
		{470619B4-DD1D-4873-86BD-9A1473726089}.Debug|Any CPU.ActiveCfg = Debug|Any CPU
		{470619B4-DD1D-4873-86BD-9A1473726089}.Debug|Any CPU.Build.0 = Debug|Any CPU
		{470619B4-DD1D-4873-86BD-9A1473726089}.Release|Any CPU.ActiveCfg = Release|Any CPU
		{470619B4-DD1D-4873-86BD-9A1473726089}.Release|Any CPU.Build.0 = Release|Any CPU
		{03217B0C-C9BF-41F3-A317-C1A33067BC1A}.Debug|Any CPU.ActiveCfg = Debug|Any CPU
		{03217B0C-C9BF-41F3-A317-C1A33067BC1A}.Debug|Any CPU.Build.0 = Debug|Any CPU
		{03217B0C-C9BF-41F3-A317-C1A33067BC1A}.Release|Any CPU.ActiveCfg = Release|Any CPU
		{03217B0C-C9BF-41F3-A317-C1A33067BC1A}.Release|Any CPU.Build.0 = Release|Any CPU
		{F46B8047-28ED-472B-95BC-338B527A21AD}.Debug|Any CPU.ActiveCfg = Debug|Any CPU
		{F46B8047-28ED-472B-95BC-338B527A21AD}.Debug|Any CPU.Build.0 = Debug|Any CPU
		{F46B8047-28ED-472B-95BC-338B527A21AD}.Release|Any CPU.ActiveCfg = Release|Any CPU
		{F46B8047-28ED-472B-95BC-338B527A21AD}.Release|Any CPU.Build.0 = Release|Any CPU
		{AE037D6A-6D57-400A-AA13-E16F481F032B}.Debug|Any CPU.ActiveCfg = Debug|Any CPU
		{AE037D6A-6D57-400A-AA13-E16F481F032B}.Debug|Any CPU.Build.0 = Debug|Any CPU
		{AE037D6A-6D57-400A-AA13-E16F481F032B}.Release|Any CPU.ActiveCfg = Release|Any CPU
		{AE037D6A-6D57-400A-AA13-E16F481F032B}.Release|Any CPU.Build.0 = Release|Any CPU
	EndGlobalSection
	GlobalSection(SolutionProperties) = preSolution
		HideSolutionNode = FALSE
	EndGlobalSection
	GlobalSection(ExtensibilityGlobals) = postSolution
		SolutionGuid = {81713BE5-6ECB-4D0C-912F-1C55027543A7}
	EndGlobalSection
EndGlobal
